github.com/confluentinc/confluent-kafka-go v1.5.2 h1:l+qt+a0Okmq0Bdr1P55IX4fiwFJyg0lZQmfHkAFkv7E=
github.com/confluentinc/confluent-kafka-go v1.5.2/go.mod h1:u2zNLny2xq+5rWeTQjFHbDzzNuba4P1vo31r9r4uAdg=
github.com/gorilla/websocket v1.4.2 h1:+/TMaTYc4QFitKJxsQ7Yye35DkWvkdLcvGKqM+x0Ufc=
github.com/gorilla/websocket v1.4.2/go.mod h1:YR8l580nyteQvAITg2hZ9XVh4b55+EU/adAjf1fMHhE=
github.com/kelseyhightower/envconfig v1.4.0 h1:Im6hONhd3pLkfDFsbRgu68RDNkGF1r3dvMUtDTo2cv8=
github.com/kelseyhightower/envconfig v1.4.0/go.mod h1:cccZRl6mQpaq41TPp5QxidR+Sa3axMbJDNb//FQX6Gg=
gopkg.in/confluentinc/confluent-kafka-go.v1 v1.5.2 h1:g0WBLy6fobNUU8W/e9zx6I0Yl79Ya+BDW1NwzAlTiiQ=
gopkg.in/confluentinc/confluent-kafka-go.v1 v1.5.2/go.mod h1:ZdI3yfYmdNSLQPNCpO1y00EHyWaHG5EnQEyL/ntAegY=
